{
  "name": "mysterria-nodes",
  "lockfileVersion": 3,
  "requires": true,
  "packages": {
    "": {
      "dependencies": {
        "claude-cli": "^1.0.5"
      }
    },
    "node_modules/claude-cli": {
      "version": "1.0.5",
      "resolved": "https://registry.npmjs.org/claude-cli/-/claude-cli-1.0.5.tgz",
      "integrity": "sha512-v/8f6BKedfus1npGTyX8AIYp0ldRo5FMwzRbPCen0zv2m+00Qrna46czEoYK6tupJcrbnzVwrQYRbKOxmhv36A==",
      "deprecated": "The official Claude Code package is available at @anthropic-ai/claude-code",
      "license": "ISC"
    }
  }
}
